
Microsoft Visual Studio Solution File, Format Version 12.00
# Visual Studio Version 17
VisualStudioVersion = 17.0.32112.339
MinimumVisualStudioVersion = 10.0.40219.1
Project("{FAE04EC0-301F-11D3-BF4B-00C04F79EFBC}") = "Crisp.APIProject", "Crisp.APIProject.csproj", "{A5585DAC-306A-496A-998F-C6EEF931384A}"
EndProject
Global
	GlobalSection(SolutionConfigurationPlatforms) = preSolution
		Debug|Any CPU = Debug|Any CPU
		Release|Any CPU = Release|Any CPU
	EndGlobalSection
	GlobalSection(ProjectConfigurationPlatforms) = postSolution
		{A5585DAC-306A-496A-998F-C6EEF931384A}.Debug|Any CPU.ActiveCfg = Debug|Any CPU
		{A5585DAC-306A-496A-998F-C6EEF931384A}.Debug|Any CPU.Build.0 = Debug|Any CPU
		{A5585DAC-306A-496A-998F-C6EEF931384A}.Release|Any CPU.ActiveCfg = Release|Any CPU
		{A5585DAC-306A-496A-998F-C6EEF931384A}.Release|Any CPU.Build.0 = Release|Any CPU
	EndGlobalSection
	GlobalSection(SolutionProperties) = preSolution
		HideSolutionNode = FALSE
	EndGlobalSection
	GlobalSection(ExtensibilityGlobals) = postSolution
		SolutionGuid = {08B2EB2E-2F45-49DF-A1BC-54293A7324A3}
	EndGlobalSection
EndGlobal
